<Solution>
  <Folder Name="/apps/" />
  <Folder Name="/apps/api/">
    <Project Path="apps/api/EnglishForIT.Api.csproj" />
  </Folder>
  <Folder Name="/src/" />
  <Folder Name="/src/Application/">
    <Project Path="src/Application/EnglishForIT.Application.csproj" />
  </Folder>
  <Folder Name="/src/Domain/">
    <Project Path="src/Domain/EnglishForIT.Domain.csproj" />
  </Folder>
  <Folder Name="/src/Infrastructure/">
    <Project Path="src/Infrastructure/EnglishForIT.Infrastructure.csproj" />
  </Folder>
  <Folder Name="/src/Worker/">
    <Project Path="src/Worker/EnglishForIT.Worker.csproj" />
  </Folder>
  <Folder Name="/tests/" />
  <Folder Name="/tests/ContentValidationTests/">
    <Project Path="tests/ContentValidationTests/EnglishForIT.ContentValidationTests.csproj" />
  </Folder>
  <Folder Name="/tests/IntegrationTests/">
    <Project Path="tests/IntegrationTests/EnglishForIT.IntegrationTests.csproj" />
  </Folder>
  <Folder Name="/tests/UnitTests/">
    <Project Path="tests/UnitTests/EnglishForIT.UnitTests.csproj" />
  </Folder>
</Solution>
